
Microsoft Visual Studio Solution File, Format Version 12.00
# Visual Studio Version 17
VisualStudioVersion = 17.2.32602.215
MinimumVisualStudioVersion = 10.0.40219.1
Project("{FAE04EC0-301F-11D3-BF4B-00C04F79EFBC}") = "PhoneNumberReplacer", "PhoneNumberReplacer.csproj", "{D2C16173-E28F-4FE6-AE12-AE2BCD5A989B}"
EndProject
Global
	GlobalSection(SolutionConfigurationPlatforms) = preSolution
		Debug|Any CPU = Debug|Any CPU
		Release|Any CPU = Release|Any CPU
	EndGlobalSection
	GlobalSection(ProjectConfigurationPlatforms) = postSolution
		{D2C16173-E28F-4FE6-AE12-AE2BCD5A989B}.Debug|Any CPU.ActiveCfg = Debug|Any CPU
		{D2C16173-E28F-4FE6-AE12-AE2BCD5A989B}.Debug|Any CPU.Build.0 = Debug|Any CPU
		{D2C16173-E28F-4FE6-AE12-AE2BCD5A989B}.Release|Any CPU.ActiveCfg = Release|Any CPU
		{D2C16173-E28F-4FE6-AE12-AE2BCD5A989B}.Release|Any CPU.Build.0 = Release|Any CPU
	EndGlobalSection
	GlobalSection(SolutionProperties) = preSolution
		HideSolutionNode = FALSE
	EndGlobalSection
	GlobalSection(ExtensibilityGlobals) = postSolution
		SolutionGuid = {DC88D0DF-D84A-41EC-99D9-60DE0DE7753E}
	EndGlobalSection
EndGlobal
